
Microsoft Visual Studio Solution File, Format Version 12.00
# Visual Studio Version 17
VisualStudioVersion = 17.2.32616.157
MinimumVisualStudioVersion = 10.0.40219.1
Project("{FAE04EC0-301F-11D3-BF4B-00C04F79EFBC}") = "E-Commerce Web Application", "E-Commerce Web Application\E-Commerce Web Application.csproj", "{1946D283-119C-453D-9E99-AA9C7ECCD6E7}"
EndProject
Global
	GlobalSection(SolutionConfigurationPlatforms) = preSolution
		Debug|Any CPU = Debug|Any CPU
		Release|Any CPU = Release|Any CPU
	EndGlobalSection
	GlobalSection(ProjectConfigurationPlatforms) = postSolution
		{1946D283-119C-453D-9E99-AA9C7ECCD6E7}.Debug|Any CPU.ActiveCfg = Debug|Any CPU
		{1946D283-119C-453D-9E99-AA9C7ECCD6E7}.Debug|Any CPU.Build.0 = Debug|Any CPU
		{1946D283-119C-453D-9E99-AA9C7ECCD6E7}.Release|Any CPU.ActiveCfg = Release|Any CPU
		{1946D283-119C-453D-9E99-AA9C7ECCD6E7}.Release|Any CPU.Build.0 = Release|Any CPU
	EndGlobalSection
	GlobalSection(SolutionProperties) = preSolution
		HideSolutionNode = FALSE
	EndGlobalSection
	GlobalSection(ExtensibilityGlobals) = postSolution
		SolutionGuid = {7F7A4B11-BACA-4343-A504-6B67A0F17418}
	EndGlobalSection
EndGlobal
